PODS:
  - EWUtils (0.2.0):
    - SnapKit (~> 5.0.0)
  - FBSnapshotTestCase (2.1.4):
    - FBSnapshotTestCase/SwiftSupport (= 2.1.4)
  - FBSnapshotTestCase/Core (2.1.4)
  - FBSnapshotTestCase/SwiftSupport (2.1.4):
    - FBSnapshotTestCase/Core
  - SnapKit (5.0.1)

DEPENDENCIES:
  - EWUtils (from `../`)
  - FBSnapshotTestCase (~> 2.1.4)

SPEC REPOS:
  trunk:
    - FBSnapshotTestCase
    - SnapKit

EXTERNAL SOURCES:
  EWUtils:
    :path: "../"

SPEC CHECKSUMS:
  EWUtils: b2be602a1d651bee089bbea3281df51b2bacae9a
  FBSnapshotTestCase: 094f9f314decbabe373b87cc339bea235a63e07a
  SnapKit: 97b92857e3df3a0c71833cce143274bf6ef8e5eb

PODFILE CHECKSUM: ae5efefef2c893e1cac4171d3e831421ea0a3bf9

COCOAPODS: 1.9.3
